Microsoft Visual Studio Solution File, Format Version 12.00
# Visual Studio 2012
Project("{FAE04EC0-301F-11D3-BF4B-00C04F79EFBC}") = "AirHockey", "AirHockey.csproj", "{603A4892-83AD-4DBD-B887-BF9280A46C83}"
EndProject
Global
	GlobalSection(SolutionConfigurationPlatforms) = preSolution
	Debug|Any CPU = Debug|Any CPU
	ExportDebug|Any CPU = ExportDebug|Any CPU
	ExportRelease|Any CPU = ExportRelease|Any CPU
	EndGlobalSection
	GlobalSection(ProjectConfigurationPlatforms) = postSolution
		{603A4892-83AD-4DBD-B887-BF9280A46C83}.Debug|Any CPU.ActiveCfg = Debug|Any CPU
		{603A4892-83AD-4DBD-B887-BF9280A46C83}.Debug|Any CPU.Build.0 = Debug|Any CPU
		{603A4892-83AD-4DBD-B887-BF9280A46C83}.ExportDebug|Any CPU.ActiveCfg = ExportDebug|Any CPU
		{603A4892-83AD-4DBD-B887-BF9280A46C83}.ExportDebug|Any CPU.Build.0 = ExportDebug|Any CPU
		{603A4892-83AD-4DBD-B887-BF9280A46C83}.ExportRelease|Any CPU.ActiveCfg = ExportRelease|Any CPU
		{603A4892-83AD-4DBD-B887-BF9280A46C83}.ExportRelease|Any CPU.Build.0 = ExportRelease|Any CPU
	EndGlobalSection
EndGlobal
